{
  "version": 4,
  "terraform_version": "1.11.4",
  "serial": 6,
  "lineage": "80f4d7b1-8cd2-fe37-29c1-00dfb52e1e21",
  "outputs": {},
  "resources": [
    {
      "mode": "managed",
      "type": "local_file",
      "name": "demo-1",
      "provider": "provider[\"registry.terraform.io/hashicorp/local\"]",
      "instances": [
        {
          "schema_version": 0,
          "attributes": {
            "content": "This is demo content-1",
            "content_base64": null,
            "content_base64sha256": "w3UjXK9N44yypc4gziuJhKOzFzT4avoJRkHyh2KHxdI=",
            "content_base64sha512": "Ji4UPIQ8xgYHGXcsTIGfb3XsPjbB2uOwWAzNRaFIvHjd4c6h5Wa5w5cWHYv+IbubMNjj0YOuCzhSQccIx76QFg==",
            "content_md5": "1ca034b5e242a9869db81276b98a1037",
            "content_sha1": "4237ab2ef1f0bdb9495b61cb7b462491cc5e920d",
            "content_sha256": "c375235caf4de38cb2a5ce20ce2b8984a3b31734f86afa094641f2876287c5d2",
            "content_sha512": "262e143c843cc6060719772c4c819f6f75ec3e36c1dae3b0580ccd45a148bc78dde1cea1e566b9c397161d8bfe21bb9b30d8e3d183ae0b385241c708c7be9016",
            "directory_permission": "0777",
            "file_permission": "0777",
            "filename": "./demo-1.txt",
            "id": "4237ab2ef1f0bdb9495b61cb7b462491cc5e920d",
            "sensitive_content": null,
            "source": null
          },
          "sensitive_attributes": [
            [
              {
                "type": "get_attr",
                "value": "sensitive_content"
              }
            ]
          ]
        }
      ]
    },
    {
      "mode": "managed",
      "type": "local_sensitive_file",
      "name": "demo-sensitive",
      "provider": "provider[\"registry.terraform.io/hashicorp/local\"]",
      "instances": [
        {
          "schema_version": 0,
          "attributes": {
            "content": "This is sensitive content Wassup12345",
            "content_base64": null,
            "content_base64sha256": "GepZVV+7Wt9GcQe+Xb2t+U6GprIrjVI2+0D+xHDAKkw=",
            "content_base64sha512": "AKqLodiyAgZfeegYlNhIrZfCtQJt6XGfszLztVx6qKBclScxja9raPXb6VQQj5T51gD1g/I9OwSxCarbIjyZEA==",
            "content_md5": "ef866eef999442c392d3da38f2a323ba",
            "content_sha1": "4478406b7eb469b7f7abe20539a9d0c3321b03e7",
            "content_sha256": "19ea59555fbb5adf467107be5dbdadf94e86a6b22b8d5236fb40fec470c02a4c",
            "content_sha512": "00aa8ba1d8b202065f79e81894d848ad97c2b5026de9719fb332f3b55c7aa8a05c9527318daf6b68f5dbe954108f94f9d600f583f23d3b04b109aadb223c9910",
            "directory_permission": "0700",
            "file_permission": "0700",
            "filename": "./sensitive.md",
            "id": "4478406b7eb469b7f7abe20539a9d0c3321b03e7",
            "source": null
          },
          "sensitive_attributes": [
            [
              {
                "type": "get_attr",
                "value": "content_base64"
              }
            ],
            [
              {
                "type": "get_attr",
                "value": "content"
              }
            ]
          ]
        }
      ]
    }
  ],
  "check_results": null
}
